
Microsoft Visual Studio Solution File, Format Version 12.00
# Visual Studio Version 17
VisualStudioVersion = 17.9.34723.18
MinimumVisualStudioVersion = 10.0.40219.1
Project("{FAE04EC0-301F-11D3-BF4B-00C04F79EFBC}") = "APIServices", "APIServices\APIServices.csproj", "{57DEBFD9-F955-484C-A0CC-E03E3519AB38}"
EndProject
Global
	GlobalSection(SolutionConfigurationPlatforms) = preSolution
		Debug|Any CPU = Debug|Any CPU
		Release|Any CPU = Release|Any CPU
	EndGlobalSection
	GlobalSection(ProjectConfigurationPlatforms) = postSolution
		{57DEBFD9-F955-484C-A0CC-E03E3519AB38}.Debug|Any CPU.ActiveCfg = Debug|Any CPU
		{57DEBFD9-F955-484C-A0CC-E03E3519AB38}.Debug|Any CPU.Build.0 = Debug|Any CPU
		{57DEBFD9-F955-484C-A0CC-E03E3519AB38}.Release|Any CPU.ActiveCfg = Release|Any CPU
		{57DEBFD9-F955-484C-A0CC-E03E3519AB38}.Release|Any CPU.Build.0 = Release|Any CPU
	EndGlobalSection
	GlobalSection(SolutionProperties) = preSolution
		HideSolutionNode = FALSE
	EndGlobalSection
	GlobalSection(ExtensibilityGlobals) = postSolution
		SolutionGuid = {F0A8A430-B533-47F3-B6B2-64A502A4A727}
	EndGlobalSection
EndGlobal
